{
  "version": "2",
  "remote": {
    "https://deno.land/std@0.181.0/fmt/colors.ts": "d67e3cd9f472535241a8e410d33423980bec45047e343577554d3356e1f0ef4e",
    "https://deno.land/std@0.181.0/testing/_diff.ts": "1a3c044aedf77647d6cac86b798c6417603361b66b54c53331b312caeb447aea",
    "https://deno.land/std@0.181.0/testing/_format.ts": "a69126e8a469009adf4cf2a50af889aca364c349797e63174884a52ff75cf4c7",
    "https://deno.land/std@0.181.0/testing/_test_suite.ts": "30f018feeb3835f12ab198d8a518f9089b1bcb2e8c838a8b615ab10d5005465c",
    "https://deno.land/std@0.181.0/testing/asserts.ts": "e16d98b4d73ffc4ed498d717307a12500ae4f2cbe668f1a215632d19fcffc22f",
    "https://deno.land/std@0.181.0/testing/bdd.ts": "c5ca6d85940dbcc19b4d2bc3608d49ab65d81470aa91306d5efa4b0d5c945731",
    "https://deno.land/std@0.181.0/testing/types.ts": "6832887bea73ee3549dda953a8df41f8bfa8790219ab56a3b94b984a71a3b3e9",
    "https://deno.land/x/isx@1.3.0/date/is_valid_date.ts": "125c0517104cda31599114a86bb21270624a81d28ffd032ecbc385ff559fb083",
    "https://deno.land/x/isx@1.3.0/is_async_iterable.ts": "bd69405f41c55bb0ffefe3a1ec4cf209d7fba992036b85c89ee1a0bc4f2fe4de",
    "https://deno.land/x/isx@1.3.0/is_bigint.ts": "fa89dc037f8dc20a24104489ccc35728e1d5c4eae033de1c79efc96dad7451ca",
    "https://deno.land/x/isx@1.3.0/is_boolean.ts": "711a4baeb0eb146c9013101d6d8bd90297739a787a6f09c5dd834654fa6d3f52",
    "https://deno.land/x/isx@1.3.0/is_date.ts": "e815cc53e9bacf283bf50d5902f532cac07ad91ca5f8e9da313bb330654c8f76",
    "https://deno.land/x/isx@1.3.0/is_error.ts": "c91d5ff9125cb60cc3acc766b1d507c45915a5e661530e36ebbe717bd38e3c0c",
    "https://deno.land/x/isx@1.3.0/is_function.ts": "2342e0c44b472f3f39af892049ca28ce63141e3bab9d436da42e3714ddcbd9e3",
    "https://deno.land/x/isx@1.3.0/is_iterable.ts": "1b40711736a8f107853ad3a340e6a5a414fa632f601ca4b981e8973cb8e43247",
    "https://deno.land/x/isx@1.3.0/is_non_nullable.ts": "92c57421e709c2ddbef00cd4513333cc5c3f2da7bb515beafb25ae8c9048eacd",
    "https://deno.land/x/isx@1.3.0/is_null.ts": "02b30255073843d001e715a04382f1d6aebd77ed5506ffbb44bf77b9e20ebf7d",
    "https://deno.land/x/isx@1.3.0/is_nullable.ts": "4d1b95dd93aad6c4740f19eb00b9caccd977c52ea170d0e5c3130eeabf6e5292",
    "https://deno.land/x/isx@1.3.0/is_number.ts": "27899cf8c67f304a2d0b635c0787d5197d7a5315525e7b98176b389139b5695a",
    "https://deno.land/x/isx@1.3.0/is_object.ts": "46b8d6733ab860beca23533acab82996dc0e7cad0b6da5582e746af1a17c5f58",
    "https://deno.land/x/isx@1.3.0/is_primitive.ts": "d6976d17fc49c46b9c7d35dff92ad0e1cd7d0124de7d834b57812d3f53ed1af1",
    "https://deno.land/x/isx@1.3.0/is_promise.ts": "7bfa95fc92447b5fa38dabfe7d9b23dfc036bc8375c44c4dc17a0e7c1d63139f",
    "https://deno.land/x/isx@1.3.0/is_reg_exp.ts": "5dedcadfec09d899be13b336defbd3375956d48c5775972fbf57db9d857a8fa6",
    "https://deno.land/x/isx@1.3.0/is_string.ts": "268254eab5f8dbc09ee879eb53675813cdc5350207dde436d457cb34462cc857",
    "https://deno.land/x/isx@1.3.0/is_symbol.ts": "530465ff17049596c01ce6646e505aa8a75ee87d8784437c12bc04b8ec14cce5",
    "https://deno.land/x/isx@1.3.0/is_undefined.ts": "561d7787e74bc56f83870df386bd0ed81d8006f2ee0062cf8903589fc89c51ac",
    "https://deno.land/x/isx@1.3.0/iterable/is_empty.ts": "50951052c78e80eee4178ee07c7c17dd1d88134fb34223d51f2d592448e96026",
    "https://deno.land/x/isx@1.3.0/iterable/is_not_empty.ts": "6f9139c8cc89745add8c880f4aec0359ed8da19842287b409c9e62d1ccd292a7",
    "https://deno.land/x/isx@1.3.0/iterable/is_single.ts": "265608704eb4a83c22d8da216c2ddac0d6d44ec43762b039ce136281d24237c5",
    "https://deno.land/x/isx@1.3.0/number/is_even.ts": "25130e1bf432b3943d6c20e027993f815f62820070ae4ea01fad9345969c815e",
    "https://deno.land/x/isx@1.3.0/number/is_negative_number.ts": "0f58460eeccc5cd56c4c246322f788a93348506462e411303a1470edeb0813a8",
    "https://deno.land/x/isx@1.3.0/number/is_non_negative_integer.ts": "ce7b63f40d22bd5575f008f370493e1ce4e5305f59144fb6362a459a2b13ccf1",
    "https://deno.land/x/isx@1.3.0/number/is_non_negative_number.ts": "3b0934569fe6565b43e743181cba2a83dc34b2aba2166d3d578c3300bcaaa896",
    "https://deno.land/x/isx@1.3.0/number/is_non_positive_number.ts": "88c7fb7e46d96bcfc88136ed06f3f2d94a7b5bfe0ca40329758cbd1abe459113",
    "https://deno.land/x/isx@1.3.0/number/is_odd.ts": "1aeb3befdd12e90cfb88c31f49b3b397c4bf6b16161061ba72ebb2aad71ba483",
    "https://deno.land/x/isx@1.3.0/number/is_positive_number.ts": "63edd0dc21ff7fd67cdf3554158da4f7f49b6627f364cd0648a4956859ee7b48",
    "https://deno.land/x/isx@1.3.0/number/is_unit_interval.ts": "4f5fd36d378cd87d38cecb3e0241affd61bfcd1808237c639075df2dae0af834"
  }
}
